
Microsoft Visual Studio Solution File, Format Version 12.00
# Visual Studio 14
VisualStudioVersion = 14.0.23107.0
MinimumVisualStudioVersion = 10.0.40219.1
Project("{FAE04EC0-301F-11D3-BF4B-00C04F79EFBC}") = "ödev 1x2", "ödev 1x2\ödev 1x2.csproj", "{33E543A8-6ADE-48E2-A2B1-7B8A6F3DCBFC}"
EndProject
Global
	GlobalSection(SolutionConfigurationPlatforms) = preSolution
		Debug|Any CPU = Debug|Any CPU
		Release|Any CPU = Release|Any CPU
	EndGlobalSection
	GlobalSection(ProjectConfigurationPlatforms) = postSolution
		{33E543A8-6ADE-48E2-A2B1-7B8A6F3DCBFC}.Debug|Any CPU.ActiveCfg = Debug|Any CPU
		{33E543A8-6ADE-48E2-A2B1-7B8A6F3DCBFC}.Debug|Any CPU.Build.0 = Debug|Any CPU
		{33E543A8-6ADE-48E2-A2B1-7B8A6F3DCBFC}.Release|Any CPU.ActiveCfg = Release|Any CPU
		{33E543A8-6ADE-48E2-A2B1-7B8A6F3DCBFC}.Release|Any CPU.Build.0 = Release|Any CPU
	EndGlobalSection
	GlobalSection(SolutionProperties) = preSolution
		HideSolutionNode = FALSE
	EndGlobalSection
EndGlobal
